
Microsoft Visual Studio Solution File, Format Version 12.00
# Visual Studio Version 17
VisualStudioVersion = 17.11.35303.130
MinimumVisualStudioVersion = 10.0.40219.1
Project("{FAE04EC0-301F-11D3-BF4B-00C04F79EFBC}") = "Poroject of Programing", "Poroject of Programing\Poroject of Programing.csproj", "{652B83B8-51A6-4F7B-A957-547A8817EC86}"
EndProject
Global
	GlobalSection(SolutionConfigurationPlatforms) = preSolution
		Debug|Any CPU = Debug|Any CPU
		Release|Any CPU = Release|Any CPU
	EndGlobalSection
	GlobalSection(ProjectConfigurationPlatforms) = postSolution
		{652B83B8-51A6-4F7B-A957-547A8817EC86}.Debug|Any CPU.ActiveCfg = Debug|Any CPU
		{652B83B8-51A6-4F7B-A957-547A8817EC86}.Debug|Any CPU.Build.0 = Debug|Any CPU
		{652B83B8-51A6-4F7B-A957-547A8817EC86}.Release|Any CPU.ActiveCfg = Release|Any CPU
		{652B83B8-51A6-4F7B-A957-547A8817EC86}.Release|Any CPU.Build.0 = Release|Any CPU
	EndGlobalSection
	GlobalSection(SolutionProperties) = preSolution
		HideSolutionNode = FALSE
	EndGlobalSection
	GlobalSection(ExtensibilityGlobals) = postSolution
		SolutionGuid = {4D9EABC9-8A00-4772-A8D4-F7CDD3F20DB3}
	EndGlobalSection
EndGlobal
